
Microsoft Visual Studio Solution File, Format Version 12.00
Project("{FAE04EC0-301F-11D3-BF4B-00C04F79EFBC}") = "Prosperity.Api.Infrastructure.RulesEngine.Tests", "Prosperity.Api.Infrastructure.RulesEngine.Tests\Prosperity.Api.Infrastructure.RulesEngine.Tests.csproj", "{93C03104-73B8-44E1-B71F-75A5DAD758BA}"
EndProject
Project("{FAE04EC0-301F-11D3-BF4B-00C04F79EFBC}") = "Prosperity.Api.Infrastructure.RulesEngine", "Prosperity.Api.Infrastructure.RulesEngine\Prosperity.Api.Infrastructure.RulesEngine.csproj", "{51BE3107-4038-4364-8C4D-992BA2DA3E15}"
EndProject
Global
	GlobalSection(SolutionConfigurationPlatforms) = preSolution
		Debug|Any CPU = Debug|Any CPU
		Release|Any CPU = Release|Any CPU
	EndGlobalSection
	GlobalSection(ProjectConfigurationPlatforms) = postSolution
		{93C03104-73B8-44E1-B71F-75A5DAD758BA}.Debug|Any CPU.ActiveCfg = Debug|Any CPU
		{93C03104-73B8-44E1-B71F-75A5DAD758BA}.Debug|Any CPU.Build.0 = Debug|Any CPU
		{93C03104-73B8-44E1-B71F-75A5DAD758BA}.Release|Any CPU.ActiveCfg = Release|Any CPU
		{93C03104-73B8-44E1-B71F-75A5DAD758BA}.Release|Any CPU.Build.0 = Release|Any CPU
		{51BE3107-4038-4364-8C4D-992BA2DA3E15}.Debug|Any CPU.ActiveCfg = Debug|Any CPU
		{51BE3107-4038-4364-8C4D-992BA2DA3E15}.Debug|Any CPU.Build.0 = Debug|Any CPU
		{51BE3107-4038-4364-8C4D-992BA2DA3E15}.Release|Any CPU.ActiveCfg = Release|Any CPU
		{51BE3107-4038-4364-8C4D-992BA2DA3E15}.Release|Any CPU.Build.0 = Release|Any CPU
	EndGlobalSection
EndGlobal
